// !$*UTF8*$!
{
	archiveVersion = 1;
	classes = {
	};
	objectVersion = 56;
	objects = {

/* Begin PBXBuildFile section */
		754A86952C0A4384009543FF /* AppDelegate.swift in Sources */ = {isa = PBXBuildFile; fileRef = 754A86942C0A4384009543FF /* AppDelegate.swift */; };
		754A86972C0A4384009543FF /* SceneDelegate.swift in Sources */ = {isa = PBXBuildFile; fileRef = 754A86962C0A4384009543FF /* SceneDelegate.swift */; };
		754A86992C0A4384009543FF /* HomeViewController.swift in Sources */ = {isa = PBXBuildFile; fileRef = 754A86982C0A4384009543FF /* HomeViewController.swift */; };
		754A869C2C0A4384009543FF /* Base in Resources */ = {isa = PBXBuildFile; fileRef = 754A869B2C0A4384009543FF /* Base */; };
		754A869E2C0A4386009543FF /* Assets.xcassets in Resources */ = {isa = PBXBuildFile; fileRef = 754A869D2C0A4386009543FF /* Assets.xcassets */; };
		754A86A12C0A4386009543FF /* Base in Resources */ = {isa = PBXBuildFile; fileRef = 754A86A02C0A4386009543FF /* Base */; };
		754A86AC2C0A4387009543FF /* MoviesDBAppTests.swift in Sources */ = {isa = PBXBuildFile; fileRef = 754A86AB2C0A4387009543FF /* MoviesDBAppTests.swift */; };
		754A86B62C0A4387009543FF /* MoviesDBAppUITests.swift in Sources */ = {isa = PBXBuildFile; fileRef = 754A86B52C0A4387009543FF /* MoviesDBAppUITests.swift */; };
		754A86B82C0A4387009543FF /* MoviesDBAppUITestsLaunchTests.swift in Sources */ = {isa = PBXBuildFile; fileRef = 754A86B72C0A4387009543FF /* MoviesDBAppUITestsLaunchTests.swift */; };
		754A86C62C0A4702009543FF /* NetworkManager.swift in Sources */ = {isa = PBXBuildFile; fileRef = 754A86C52C0A4702009543FF /* NetworkManager.swift */; };
		754A86CA2C0A4743009543FF /* MoviesListModel.swift in Sources */ = {isa = PBXBuildFile; fileRef = 754A86C92C0A4743009543FF /* MoviesListModel.swift */; };
		754A86CD2C0A4875009543FF /* HomeViewModel.swift in Sources */ = {isa = PBXBuildFile; fileRef = 754A86CC2C0A4875009543FF /* HomeViewModel.swift */; };
		754A86D22C0A4AD3009543FF /* TrendingTableCell.xib in Resources */ = {isa = PBXBuildFile; fileRef = 754A86D12C0A4AD3009543FF /* TrendingTableCell.xib */; };
		754A86D32C0A4AD3009543FF /* TrendingTableCell.swift in Sources */ = {isa = PBXBuildFile; fileRef = 754A86D02C0A4AD3009543FF /* TrendingTableCell.swift */; };
		754A86D52C0A4CE7009543FF /* Reusable.swift in Sources */ = {isa = PBXBuildFile; fileRef = 754A86D42C0A4CE7009543FF /* Reusable.swift */; };
/* End PBXBuildFile section */

/* Begin PBXContainerItemProxy section */
		754A86A82C0A4387009543FF /* PBXContainerItemProxy */ = {
			isa = PBXContainerItemProxy;
			containerPortal = 754A86892C0A4384009543FF /* Project object */;
			proxyType = 1;
			remoteGlobalIDString = 754A86902C0A4384009543FF;
			remoteInfo = MoviesDBApp;
		};
		754A86B22C0A4387009543FF /* PBXContainerItemProxy */ = {
			isa = PBXContainerItemProxy;
			containerPortal = 754A86892C0A4384009543FF /* Project object */;
			proxyType = 1;
			remoteGlobalIDString = 754A86902C0A4384009543FF;
			remoteInfo = MoviesDBApp;
		};
/* End PBXContainerItemProxy section */

/* Begin PBXFileReference section */
		754A86912C0A4384009543FF /* MoviesDBApp.app */ = {isa = PBXFileReference; explicitFileType = wrapper.application; includeInIndex = 0; path = MoviesDBApp.app; sourceTree = BUILT_PRODUCTS_DIR; };
		754A86942C0A4384009543FF /* AppDelegate.swift */ = {isa = PBXFileReference; lastKnownFileType = sourcecode.swift; path = AppDelegate.swift; sourceTree = "<group>"; };
		754A86962C0A4384009543FF /* SceneDelegate.swift */ = {isa = PBXFileReference; lastKnownFileType = sourcecode.swift; path = SceneDelegate.swift; sourceTree = "<group>"; };
		754A86982C0A4384009543FF /* HomeViewController.swift */ = {isa = PBXFileReference; lastKnownFileType = sourcecode.swift; path = HomeViewController.swift; sourceTree = "<group>"; };
		754A869B2C0A4384009543FF /* Base */ = {isa = PBXFileReference; lastKnownFileType = file.storyboard; name = Base; path = Base.lproj/Main.storyboard; sourceTree = "<group>"; };
		754A869D2C0A4386009543FF /* Assets.xcassets */ = {isa = PBXFileReference; lastKnownFileType = folder.assetcatalog; path = Assets.xcassets; sourceTree = "<group>"; };
		754A86A02C0A4386009543FF /* Base */ = {isa = PBXFileReference; lastKnownFileType = file.storyboard; name = Base; path = Base.lproj/LaunchScreen.storyboard; sourceTree = "<group>"; };
		754A86A22C0A4386009543FF /* Info.plist */ = {isa = PBXFileReference; lastKnownFileType = text.plist.xml; path = Info.plist; sourceTree = "<group>"; };
		754A86A72C0A4387009543FF /* MoviesDBAppTests.xctest */ = {isa = PBXFileReference; explicitFileType = wrapper.cfbundle; includeInIndex = 0; path = MoviesDBAppTests.xctest; sourceTree = BUILT_PRODUCTS_DIR; };
		754A86AB2C0A4387009543FF /* MoviesDBAppTests.swift */ = {isa = PBXFileReference; lastKnownFileType = sourcecode.swift; path = MoviesDBAppTests.swift; sourceTree = "<group>"; };
		754A86B12C0A4387009543FF /* MoviesDBAppUITests.xctest */ = {isa = PBXFileReference; explicitFileType = wrapper.cfbundle; includeInIndex = 0; path = MoviesDBAppUITests.xctest; sourceTree = BUILT_PRODUCTS_DIR; };
		754A86B52C0A4387009543FF /* MoviesDBAppUITests.swift */ = {isa = PBXFileReference; lastKnownFileType = sourcecode.swift; path = MoviesDBAppUITests.swift; sourceTree = "<group>"; };
		754A86B72C0A4387009543FF /* MoviesDBAppUITestsLaunchTests.swift */ = {isa = PBXFileReference; lastKnownFileType = sourcecode.swift; path = MoviesDBAppUITestsLaunchTests.swift; sourceTree = "<group>"; };
		754A86C52C0A4702009543FF /* NetworkManager.swift */ = {isa = PBXFileReference; lastKnownFileType = sourcecode.swift; path = NetworkManager.swift; sourceTree = "<group>"; };
		754A86C92C0A4743009543FF /* MoviesListModel.swift */ = {isa = PBXFileReference; lastKnownFileType = sourcecode.swift; path = MoviesListModel.swift; sourceTree = "<group>"; };
		754A86CC2C0A4875009543FF /* HomeViewModel.swift */ = {isa = PBXFileReference; lastKnownFileType = sourcecode.swift; path = HomeViewModel.swift; sourceTree = "<group>"; };
		754A86D02C0A4AD3009543FF /* TrendingTableCell.swift */ = {isa = PBXFileReference; lastKnownFileType = sourcecode.swift; path = TrendingTableCell.swift; sourceTree = "<group>"; };
		754A86D12C0A4AD3009543FF /* TrendingTableCell.xib */ = {isa = PBXFileReference; lastKnownFileType = file.xib; path = TrendingTableCell.xib; sourceTree = "<group>"; };
		754A86D42C0A4CE7009543FF /* Reusable.swift */ = {isa = PBXFileReference; lastKnownFileType = sourcecode.swift; path = Reusable.swift; sourceTree = "<group>"; };
/* End PBXFileReference section */

/* Begin PBXFrameworksBuildPhase section */
		754A868E2C0A4384009543FF /* Frameworks */ = {
			isa = PBXFrameworksBuildPhase;
			buildActionMask = 2147483647;
			files = (
			);
			runOnlyForDeploymentPostprocessing = 0;
		};
		754A86A42C0A4387009543FF /* Frameworks */ = {
			isa = PBXFrameworksBuildPhase;
			buildActionMask = 2147483647;
			files = (
			);
			runOnlyForDeploymentPostprocessing = 0;
		};
		754A86AE2C0A4387009543FF /* Frameworks */ = {
			isa = PBXFrameworksBuildPhase;
			buildActionMask = 2147483647;
			files = (
			);
			runOnlyForDeploymentPostprocessing = 0;
		};
/* End PBXFrameworksBuildPhase section */

/* Begin PBXGroup section */
		754A86882C0A4384009543FF = {
			isa = PBXGroup;
			children = (
				754A86932C0A4384009543FF /* MoviesDBApp */,
				754A86AA2C0A4387009543FF /* MoviesDBAppTests */,
				754A86B42C0A4387009543FF /* MoviesDBAppUITests */,
				754A86922C0A4384009543FF /* Products */,
			);
			sourceTree = "<group>";
		};
		754A86922C0A4384009543FF /* Products */ = {
			isa = PBXGroup;
			children = (
				754A86912C0A4384009543FF /* MoviesDBApp.app */,
				754A86A72C0A4387009543FF /* MoviesDBAppTests.xctest */,
				754A86B12C0A4387009543FF /* MoviesDBAppUITests.xctest */,
			);
			name = Products;
			sourceTree = "<group>";
		};
		754A86932C0A4384009543FF /* MoviesDBApp */ = {
			isa = PBXGroup;
			children = (
				754A86CB2C0A4763009543FF /* View */,
				754A86C82C0A4730009543FF /* ViewModel */,
				754A86C72C0A472B009543FF /* Model */,
				754A86C42C0A46ED009543FF /* Helper */,
				754A86942C0A4384009543FF /* AppDelegate.swift */,
				754A86962C0A4384009543FF /* SceneDelegate.swift */,
				754A86982C0A4384009543FF /* HomeViewController.swift */,
				754A869A2C0A4384009543FF /* Main.storyboard */,
				754A869D2C0A4386009543FF /* Assets.xcassets */,
				754A869F2C0A4386009543FF /* LaunchScreen.storyboard */,
				754A86A22C0A4386009543FF /* Info.plist */,
			);
			path = MoviesDBApp;
			sourceTree = "<group>";
		};
		754A86AA2C0A4387009543FF /* MoviesDBAppTests */ = {
			isa = PBXGroup;
			children = (
				754A86AB2C0A4387009543FF /* MoviesDBAppTests.swift */,
			);
			path = MoviesDBAppTests;
			sourceTree = "<group>";
		};
		754A86B42C0A4387009543FF /* MoviesDBAppUITests */ = {
			isa = PBXGroup;
			children = (
				754A86B52C0A4387009543FF /* MoviesDBAppUITests.swift */,
				754A86B72C0A4387009543FF /* MoviesDBAppUITestsLaunchTests.swift */,
			);
			path = MoviesDBAppUITests;
			sourceTree = "<group>";
		};
		754A86C42C0A46ED009543FF /* Helper */ = {
			isa = PBXGroup;
			children = (
				754A86C52C0A4702009543FF /* NetworkManager.swift */,
				754A86D42C0A4CE7009543FF /* Reusable.swift */,
			);
			path = Helper;
			sourceTree = "<group>";
		};
		754A86C72C0A472B009543FF /* Model */ = {
			isa = PBXGroup;
			children = (
				754A86C92C0A4743009543FF /* MoviesListModel.swift */,
			);
			path = Model;
			sourceTree = "<group>";
		};
		754A86C82C0A4730009543FF /* ViewModel */ = {
			isa = PBXGroup;
			children = (
				754A86CC2C0A4875009543FF /* HomeViewModel.swift */,
			);
			path = ViewModel;
			sourceTree = "<group>";
		};
		754A86CB2C0A4763009543FF /* View */ = {
			isa = PBXGroup;
			children = (
				754A86D02C0A4AD3009543FF /* TrendingTableCell.swift */,
				754A86D12C0A4AD3009543FF /* TrendingTableCell.xib */,
			);
			path = View;
			sourceTree = "<group>";
		};
/* End PBXGroup section */

/* Begin PBXNativeTarget section */
		754A86902C0A4384009543FF /* MoviesDBApp */ = {
			isa = PBXNativeTarget;
			buildConfigurationList = 754A86BB2C0A4387009543FF /* Build configuration list for PBXNativeTarget "MoviesDBApp" */;
			buildPhases = (
				754A868D2C0A4384009543FF /* Sources */,
				754A868E2C0A4384009543FF /* Frameworks */,
				754A868F2C0A4384009543FF /* Resources */,
			);
			buildRules = (
			);
			dependencies = (
			);
			name = MoviesDBApp;
			productName = MoviesDBApp;
			productReference = 754A86912C0A4384009543FF /* MoviesDBApp.app */;
			productType = "com.apple.product-type.application";
		};
		754A86A62C0A4387009543FF /* MoviesDBAppTests */ = {
			isa = PBXNativeTarget;
			buildConfigurationList = 754A86BE2C0A4387009543FF /* Build configuration list for PBXNativeTarget "MoviesDBAppTests" */;
			buildPhases = (
				754A86A32C0A4387009543FF /* Sources */,
				754A86A42C0A4387009543FF /* Frameworks */,
				754A86A52C0A4387009543FF /* Resources */,
			);
			buildRules = (
			);
			dependencies = (
				754A86A92C0A4387009543FF /* PBXTargetDependency */,
			);
			name = MoviesDBAppTests;
			productName = MoviesDBAppTests;
			productReference = 754A86A72C0A4387009543FF /* MoviesDBAppTests.xctest */;
			productType = "com.apple.product-type.bundle.unit-test";
		};
		754A86B02C0A4387009543FF /* MoviesDBAppUITests */ = {
			isa = PBXNativeTarget;
			buildConfigurationList = 754A86C12C0A4387009543FF /* Build configuration list for PBXNativeTarget "MoviesDBAppUITests" */;
			buildPhases = (
				754A86AD2C0A4387009543FF /* Sources */,
				754A86AE2C0A4387009543FF /* Frameworks */,
				754A86AF2C0A4387009543FF /* Resources */,
			);
			buildRules = (
			);
			dependencies = (
				754A86B32C0A4387009543FF /* PBXTargetDependency */,
			);
			name = MoviesDBAppUITests;
			productName = MoviesDBAppUITests;
			productReference = 754A86B12C0A4387009543FF /* MoviesDBAppUITests.xctest */;
			productType = "com.apple.product-type.bundle.ui-testing";
		};
/* End PBXNativeTarget section */

/* Begin PBXProject section */
		754A86892C0A4384009543FF /* Project object */ = {
			isa = PBXProject;
			attributes = {
				BuildIndependentTargetsInParallel = 1;
				LastSwiftUpdateCheck = 1530;
				LastUpgradeCheck = 1530;
				TargetAttributes = {
					754A86902C0A4384009543FF = {
						CreatedOnToolsVersion = 15.3;
					};
					754A86A62C0A4387009543FF = {
						CreatedOnToolsVersion = 15.3;
						TestTargetID = 754A86902C0A4384009543FF;
					};
					754A86B02C0A4387009543FF = {
						CreatedOnToolsVersion = 15.3;
						TestTargetID = 754A86902C0A4384009543FF;
					};
				};
			};
			buildConfigurationList = 754A868C2C0A4384009543FF /* Build configuration list for PBXProject "MoviesDBApp" */;
			compatibilityVersion = "Xcode 14.0";
			developmentRegion = en;
			hasScannedForEncodings = 0;
			knownRegions = (
				en,
				Base,
			);
			mainGroup = 754A86882C0A4384009543FF;
			productRefGroup = 754A86922C0A4384009543FF /* Products */;
			projectDirPath = "";
			projectRoot = "";
			targets = (
				754A86902C0A4384009543FF /* MoviesDBApp */,
				754A86A62C0A4387009543FF /* MoviesDBAppTests */,
				754A86B02C0A4387009543FF /* MoviesDBAppUITests */,
			);
		};
/* End PBXProject section */

/* Begin PBXResourcesBuildPhase section */
		754A868F2C0A4384009543FF /* Resources */ = {
			isa = PBXResourcesBuildPhase;
			buildActionMask = 2147483647;
			files = (
				754A869E2C0A4386009543FF /* Assets.xcassets in Resources */,
				754A86D22C0A4AD3009543FF /* TrendingTableCell.xib in Resources */,
				754A86A12C0A4386009543FF /* Base in Resources */,
				754A869C2C0A4384009543FF /* Base in Resources */,
			);
			runOnlyForDeploymentPostprocessing = 0;
		};
		754A86A52C0A4387009543FF /* Resources */ = {
			isa = PBXResourcesBuildPhase;
			buildActionMask = 2147483647;
			files = (
			);
			runOnlyForDeploymentPostprocessing = 0;
		};
		754A86AF2C0A4387009543FF /* Resources */ = {
			isa = PBXResourcesBuildPhase;
			buildActionMask = 2147483647;
			files = (
			);
			runOnlyForDeploymentPostprocessing = 0;
		};
/* End PBXResourcesBuildPhase section */

/* Begin PBXSourcesBuildPhase section */
		754A868D2C0A4384009543FF /* Sources */ = {
			isa = PBXSourcesBuildPhase;
			buildActionMask = 2147483647;
			files = (
				754A86C62C0A4702009543FF /* NetworkManager.swift in Sources */,
				754A86CD2C0A4875009543FF /* HomeViewModel.swift in Sources */,
				754A86992C0A4384009543FF /* HomeViewController.swift in Sources */,
				754A86952C0A4384009543FF /* AppDelegate.swift in Sources */,
				754A86D52C0A4CE7009543FF /* Reusable.swift in Sources */,
				754A86D32C0A4AD3009543FF /* TrendingTableCell.swift in Sources */,
				754A86CA2C0A4743009543FF /* MoviesListModel.swift in Sources */,
				754A86972C0A4384009543FF /* SceneDelegate.swift in Sources */,
			);
			runOnlyForDeploymentPostprocessing = 0;
		};
		754A86A32C0A4387009543FF /* Sources */ = {
			isa = PBXSourcesBuildPhase;
			buildActionMask = 2147483647;
			files = (
				754A86AC2C0A4387009543FF /* MoviesDBAppTests.swift in Sources */,
			);
			runOnlyForDeploymentPostprocessing = 0;
		};
		754A86AD2C0A4387009543FF /* Sources */ = {
			isa = PBXSourcesBuildPhase;
			buildActionMask = 2147483647;
			files = (
				754A86B62C0A4387009543FF /* MoviesDBAppUITests.swift in Sources */,
				754A86B82C0A4387009543FF /* MoviesDBAppUITestsLaunchTests.swift in Sources */,
			);
			runOnlyForDeploymentPostprocessing = 0;
		};
/* End PBXSourcesBuildPhase section */

/* Begin PBXTargetDependency section */
		754A86A92C0A4387009543FF /* PBXTargetDependency */ = {
			isa = PBXTargetDependency;
			target = 754A86902C0A4384009543FF /* MoviesDBApp */;
			targetProxy = 754A86A82C0A4387009543FF /* PBXContainerItemProxy */;
		};
		754A86B32C0A4387009543FF /* PBXTargetDependency */ = {
			isa = PBXTargetDependency;
			target = 754A86902C0A4384009543FF /* MoviesDBApp */;
			targetProxy = 754A86B22C0A4387009543FF /* PBXContainerItemProxy */;
		};
/* End PBXTargetDependency section */

/* Begin PBXVariantGroup section */
		754A869A2C0A4384009543FF /* Main.storyboard */ = {
			isa = PBXVariantGroup;
			children = (
				754A869B2C0A4384009543FF /* Base */,
			);
			name = Main.storyboard;
			sourceTree = "<group>";
		};
		754A869F2C0A4386009543FF /* LaunchScreen.storyboard */ = {
			isa = PBXVariantGroup;
			children = (
				754A86A02C0A4386009543FF /* Base */,
			);
			name = LaunchScreen.storyboard;
			sourceTree = "<group>";
		};
/* End PBXVariantGroup section */

/* Begin XCBuildConfiguration section */
		754A86B92C0A4387009543FF /* Debug */ = {
			isa = XCBuildConfiguration;
			buildSettings = {
				ALWAYS_SEARCH_USER_PATHS = NO;
				ASSETCATALOG_COMPILER_GENERATE_SWIFT_ASSET_SYMBOL_EXTENSIONS = YES;
				CLANG_ANALYZER_NONNULL = YES;
				CLANG_ANALYZER_NUMBER_OBJECT_CONVERSION = YES_AGGRESSIVE;
				CLANG_CXX_LANGUAGE_STANDARD = "gnu++20";
				CLANG_ENABLE_MODULES = YES;
				CLANG_ENABLE_OBJC_ARC = YES;
				CLANG_ENABLE_OBJC_WEAK = YES;
				CLANG_WARN_BLOCK_CAPTURE_AUTORELEASING = YES;
				CLANG_WARN_BOOL_CONVERSION = YES;
				CLANG_WARN_COMMA = YES;
				CLANG_WARN_CONSTANT_CONVERSION = YES;
				CLANG_WARN_DEPRECATED_OBJC_IMPLEMENTATIONS = YES;
				CLANG_WARN_DIRECT_OBJC_ISA_USAGE = YES_ERROR;
				CLANG_WARN_DOCUMENTATION_COMMENTS = YES;
				CLANG_WARN_EMPTY_BODY = YES;
				CLANG_WARN_ENUM_CONVERSION = YES;
				CLANG_WARN_INFINITE_RECURSION = YES;
				CLANG_WARN_INT_CONVERSION = YES;
				CLANG_WARN_NON_LITERAL_NULL_CONVERSION = YES;
				CLANG_WARN_OBJC_IMPLICIT_RETAIN_SELF = YES;
				CLANG_WARN_OBJC_LITERAL_CONVERSION = YES;
				CLANG_WARN_OBJC_ROOT_CLASS = YES_ERROR;
				CLANG_WARN_QUOTED_INCLUDE_IN_FRAMEWORK_HEADER = YES;
				CLANG_WARN_RANGE_LOOP_ANALYSIS = YES;
				CLANG_WARN_STRICT_PROTOTYPES = YES;
				CLANG_WARN_SUSPICIOUS_MOVE = YES;
				CLANG_WARN_UNGUARDED_AVAILABILITY = YES_AGGRESSIVE;
				CLANG_WARN_UNREACHABLE_CODE = YES;
				CLANG_WARN__DUPLICATE_METHOD_MATCH = YES;
				COPY_PHASE_STRIP = NO;
				DEBUG_INFORMATION_FORMAT = dwarf;
				ENABLE_STRICT_OBJC_MSGSEND = YES;
				ENABLE_TESTABILITY = YES;
				ENABLE_USER_SCRIPT_SANDBOXING = YES;
				GCC_C_LANGUAGE_STANDARD = gnu17;
				GCC_DYNAMIC_NO_PIC = NO;
				GCC_NO_COMMON_BLOCKS = YES;
				GCC_OPTIMIZATION_LEVEL = 0;
				GCC_PREPROCESSOR_DEFINITIONS = (
					"DEBUG=1",
					"$(inherited)",
				);
				GCC_WARN_64_TO_32_BIT_CONVERSION = YES;
				GCC_WARN_ABOUT_RETURN_TYPE = YES_ERROR;
				GCC_WARN_UNDECLARED_SELECTOR = YES;
				GCC_WARN_UNINITIALIZED_AUTOS = YES_AGGRESSIVE;
				GCC_WARN_UNUSED_FUNCTION = YES;
				GCC_WARN_UNUSED_VARIABLE = YES;
				IPHONEOS_DEPLOYMENT_TARGET = 17.4;
				LOCALIZATION_PREFERS_STRING_CATALOGS = YES;
				MTL_ENABLE_DEBUG_INFO = INCLUDE_SOURCE;
				MTL_FAST_MATH = YES;
				ONLY_ACTIVE_ARCH = YES;
				SDKROOT = iphoneos;
				SWIFT_ACTIVE_COMPILATION_CONDITIONS = "DEBUG $(inherited)";
				SWIFT_OPTIMIZATION_LEVEL = "-Onone";
			};
			name = Debug;
		};
		754A86BA2C0A4387009543FF /* Release */ = {
			isa = XCBuildConfiguration;
			buildSettings = {
				ALWAYS_SEARCH_USER_PATHS = NO;
				ASSETCATALOG_COMPILER_GENERATE_SWIFT_ASSET_SYMBOL_EXTENSIONS = YES;
				CLANG_ANALYZER_NONNULL = YES;
				CLANG_ANALYZER_NUMBER_OBJECT_CONVERSION = YES_AGGRESSIVE;
				CLANG_CXX_LANGUAGE_STANDARD = "gnu++20";
				CLANG_ENABLE_MODULES = YES;
				CLANG_ENABLE_OBJC_ARC = YES;
				CLANG_ENABLE_OBJC_WEAK = YES;
				CLANG_WARN_BLOCK_CAPTURE_AUTORELEASING = YES;
				CLANG_WARN_BOOL_CONVERSION = YES;
				CLANG_WARN_COMMA = YES;
				CLANG_WARN_CONSTANT_CONVERSION = YES;
				CLANG_WARN_DEPRECATED_OBJC_IMPLEMENTATIONS = YES;
				CLANG_WARN_DIRECT_OBJC_ISA_USAGE = YES_ERROR;
				CLANG_WARN_DOCUMENTATION_COMMENTS = YES;
				CLANG_WARN_EMPTY_BODY = YES;
				CLANG_WARN_ENUM_CONVERSION = YES;
				CLANG_WARN_INFINITE_RECURSION = YES;
				CLANG_WARN_INT_CONVERSION = YES;
				CLANG_WARN_NON_LITERAL_NULL_CONVERSION = YES;
				CLANG_WARN_OBJC_IMPLICIT_RETAIN_SELF = YES;
				CLANG_WARN_OBJC_LITERAL_CONVERSION = YES;
				CLANG_WARN_OBJC_ROOT_CLASS = YES_ERROR;
				CLANG_WARN_QUOTED_INCLUDE_IN_FRAMEWORK_HEADER = YES;
				CLANG_WARN_RANGE_LOOP_ANALYSIS = YES;
				CLANG_WARN_STRICT_PROTOTYPES = YES;
				CLANG_WARN_SUSPICIOUS_MOVE = YES;
				CLANG_WARN_UNGUARDED_AVAILABILITY = YES_AGGRESSIVE;
				CLANG_WARN_UNREACHABLE_CODE = YES;
				CLANG_WARN__DUPLICATE_METHOD_MATCH = YES;
				COPY_PHASE_STRIP = NO;
				DEBUG_INFORMATION_FORMAT = "dwarf-with-dsym";
				ENABLE_NS_ASSERTIONS = NO;
				ENABLE_STRICT_OBJC_MSGSEND = YES;
				ENABLE_USER_SCRIPT_SANDBOXING = YES;
				GCC_C_LANGUAGE_STANDARD = gnu17;
				GCC_NO_COMMON_BLOCKS = YES;
				GCC_WARN_64_TO_32_BIT_CONVERSION = YES;
				GCC_WARN_ABOUT_RETURN_TYPE = YES_ERROR;
				GCC_WARN_UNDECLARED_SELECTOR = YES;
				GCC_WARN_UNINITIALIZED_AUTOS = YES_AGGRESSIVE;
				GCC_WARN_UNUSED_FUNCTION = YES;
				GCC_WARN_UNUSED_VARIABLE = YES;
				IPHONEOS_DEPLOYMENT_TARGET = 17.4;
				LOCALIZATION_PREFERS_STRING_CATALOGS = YES;
				MTL_ENABLE_DEBUG_INFO = NO;
				MTL_FAST_MATH = YES;
				SDKROOT = iphoneos;
				SWIFT_COMPILATION_MODE = wholemodule;
				VALIDATE_PRODUCT = YES;
			};
			name = Release;
		};
		754A86BC2C0A4387009543FF /* Debug */ = {
			isa = XCBuildConfiguration;
			buildSettings = {
				ASSETCATALOG_COMPILER_APPICON_NAME = AppIcon;
				ASSETCATALOG_COMPILER_GLOBAL_ACCENT_COLOR_NAME = AccentColor;
				CODE_SIGN_STYLE = Automatic;
				CURRENT_PROJECT_VERSION = 1;
				DEVELOPMENT_TEAM = "";
				GENERATE_INFOPLIST_FILE = YES;
				INFOPLIST_FILE = MoviesDBApp/Info.plist;
				INFOPLIST_KEY_UIApplicationSupportsIndirectInputEvents = YES;
				INFOPLIST_KEY_UILaunchStoryboardName = LaunchScreen;
				INFOPLIST_KEY_UIMainStoryboardFile = Main;
				INFOPLIST_KEY_UISupportedInterfaceOrientations_iPad = "UIInterfaceOrientationPortrait UIInterfaceOrientationPortraitUpsideDown UIInterfaceOrientationLandscapeLeft UIInterfaceOrientationLandscapeRight";
				INFOPLIST_KEY_UISupportedInterfaceOrientations_iPhone = "UIInterfaceOrientationPortrait UIInterfaceOrientationLandscapeLeft UIInterfaceOrientationLandscapeRight";
				IPHONEOS_DEPLOYMENT_TARGET = 13.0;
				LD_RUNPATH_SEARCH_PATHS = (
					"$(inherited)",
					"@executable_path/Frameworks",
				);
				MARKETING_VERSION = 1.0;
				PRODUCT_BUNDLE_IDENTIFIER = com.example.MoviesDBApp;
				PRODUCT_NAME = "$(TARGET_NAME)";
				SWIFT_EMIT_LOC_STRINGS = YES;
				SWIFT_VERSION = 5.0;
				TARGETED_DEVICE_FAMILY = "1,2";
			};
			name = Debug;
		};
		754A86BD2C0A4387009543FF /* Release */ = {
			isa = XCBuildConfiguration;
			buildSettings = {
				ASSETCATALOG_COMPILER_APPICON_NAME = AppIcon;
				ASSETCATALOG_COMPILER_GLOBAL_ACCENT_COLOR_NAME = AccentColor;
				CODE_SIGN_STYLE = Automatic;
				CURRENT_PROJECT_VERSION = 1;
				DEVELOPMENT_TEAM = "";
				GENERATE_INFOPLIST_FILE = YES;
				INFOPLIST_FILE = MoviesDBApp/Info.plist;
				INFOPLIST_KEY_UIApplicationSupportsIndirectInputEvents = YES;
				INFOPLIST_KEY_UILaunchStoryboardName = LaunchScreen;
				INFOPLIST_KEY_UIMainStoryboardFile = Main;
				INFOPLIST_KEY_UISupportedInterfaceOrientations_iPad = "UIInterfaceOrientationPortrait UIInterfaceOrientationPortraitUpsideDown UIInterfaceOrientationLandscapeLeft UIInterfaceOrientationLandscapeRight";
				INFOPLIST_KEY_UISupportedInterfaceOrientations_iPhone = "UIInterfaceOrientationPortrait UIInterfaceOrientationLandscapeLeft UIInterfaceOrientationLandscapeRight";
				IPHONEOS_DEPLOYMENT_TARGET = 13.0;
				LD_RUNPATH_SEARCH_PATHS = (
					"$(inherited)",
					"@executable_path/Frameworks",
				);
				MARKETING_VERSION = 1.0;
				PRODUCT_BUNDLE_IDENTIFIER = com.example.MoviesDBApp;
				PRODUCT_NAME = "$(TARGET_NAME)";
				SWIFT_EMIT_LOC_STRINGS = YES;
				SWIFT_VERSION = 5.0;
				TARGETED_DEVICE_FAMILY = "1,2";
			};
			name = Release;
		};
		754A86BF2C0A4387009543FF /* Debug */ = {
			isa = XCBuildConfiguration;
			buildSettings = {
				ALWAYS_EMBED_SWIFT_STANDARD_LIBRARIES = YES;
				BUNDLE_LOADER = "$(TEST_HOST)";
				CODE_SIGN_STYLE = Automatic;
				CURRENT_PROJECT_VERSION = 1;
				GENERATE_INFOPLIST_FILE = YES;
				IPHONEOS_DEPLOYMENT_TARGET = 17.4;
				MARKETING_VERSION = 1.0;
				PRODUCT_BUNDLE_IDENTIFIER = com.example.MoviesDBAppTests;
				PRODUCT_NAME = "$(TARGET_NAME)";
				SWIFT_EMIT_LOC_STRINGS = NO;
				SWIFT_VERSION = 5.0;
				TARGETED_DEVICE_FAMILY = "1,2";
				TEST_HOST = "$(BUILT_PRODUCTS_DIR)/MoviesDBApp.app/$(BUNDLE_EXECUTABLE_FOLDER_PATH)/MoviesDBApp";
			};
			name = Debug;
		};
		754A86C02C0A4387009543FF /* Release */ = {
			isa = XCBuildConfiguration;
			buildSettings = {
				ALWAYS_EMBED_SWIFT_STANDARD_LIBRARIES = YES;
				BUNDLE_LOADER = "$(TEST_HOST)";
				CODE_SIGN_STYLE = Automatic;
				CURRENT_PROJECT_VERSION = 1;
				GENERATE_INFOPLIST_FILE = YES;
				IPHONEOS_DEPLOYMENT_TARGET = 17.4;
				MARKETING_VERSION = 1.0;
				PRODUCT_BUNDLE_IDENTIFIER = com.example.MoviesDBAppTests;
				PRODUCT_NAME = "$(TARGET_NAME)";
				SWIFT_EMIT_LOC_STRINGS = NO;
				SWIFT_VERSION = 5.0;
				TARGETED_DEVICE_FAMILY = "1,2";
				TEST_HOST = "$(BUILT_PRODUCTS_DIR)/MoviesDBApp.app/$(BUNDLE_EXECUTABLE_FOLDER_PATH)/MoviesDBApp";
			};
			name = Release;
		};
		754A86C22C0A4387009543FF /* Debug */ = {
			isa = XCBuildConfiguration;
			buildSettings = {
				ALWAYS_EMBED_SWIFT_STANDARD_LIBRARIES = YES;
				CODE_SIGN_STYLE = Automatic;
				CURRENT_PROJECT_VERSION = 1;
				GENERATE_INFOPLIST_FILE = YES;
				MARKETING_VERSION = 1.0;
				PRODUCT_BUNDLE_IDENTIFIER = com.example.MoviesDBAppUITests;
				PRODUCT_NAME = "$(TARGET_NAME)";
				SWIFT_EMIT_LOC_STRINGS = NO;
				SWIFT_VERSION = 5.0;
				TARGETED_DEVICE_FAMILY = "1,2";
				TEST_TARGET_NAME = MoviesDBApp;
			};
			name = Debug;
		};
		754A86C32C0A4387009543FF /* Release */ = {
			isa = XCBuildConfiguration;
			buildSettings = {
				ALWAYS_EMBED_SWIFT_STANDARD_LIBRARIES = YES;
				CODE_SIGN_STYLE = Automatic;
				CURRENT_PROJECT_VERSION = 1;
				GENERATE_INFOPLIST_FILE = YES;
				MARKETING_VERSION = 1.0;
				PRODUCT_BUNDLE_IDENTIFIER = com.example.MoviesDBAppUITests;
				PRODUCT_NAME = "$(TARGET_NAME)";
				SWIFT_EMIT_LOC_STRINGS = NO;
				SWIFT_VERSION = 5.0;
				TARGETED_DEVICE_FAMILY = "1,2";
				TEST_TARGET_NAME = MoviesDBApp;
			};
			name = Release;
		};
/* End XCBuildConfiguration section */

/* Begin XCConfigurationList section */
		754A868C2C0A4384009543FF /* Build configuration list for PBXProject "MoviesDBApp" */ = {
			isa = XCConfigurationList;
			buildConfigurations = (
				754A86B92C0A4387009543FF /* Debug */,
				754A86BA2C0A4387009543FF /* Release */,
			);
			defaultConfigurationIsVisible = 0;
			defaultConfigurationName = Release;
		};
		754A86BB2C0A4387009543FF /* Build configuration list for PBXNativeTarget "MoviesDBApp" */ = {
			isa = XCConfigurationList;
			buildConfigurations = (
				754A86BC2C0A4387009543FF /* Debug */,
				754A86BD2C0A4387009543FF /* Release */,
			);
			defaultConfigurationIsVisible = 0;
			defaultConfigurationName = Release;
		};
		754A86BE2C0A4387009543FF /* Build configuration list for PBXNativeTarget "MoviesDBAppTests" */ = {
			isa = XCConfigurationList;
			buildConfigurations = (
				754A86BF2C0A4387009543FF /* Debug */,
				754A86C02C0A4387009543FF /* Release */,
			);
			defaultConfigurationIsVisible = 0;
			defaultConfigurationName = Release;
		};
		754A86C12C0A4387009543FF /* Build configuration list for PBXNativeTarget "MoviesDBAppUITests" */ = {
			isa = XCConfigurationList;
			buildConfigurations = (
				754A86C22C0A4387009543FF /* Debug */,
				754A86C32C0A4387009543FF /* Release */,
			);
			defaultConfigurationIsVisible = 0;
			defaultConfigurationName = Release;
		};
/* End XCConfigurationList section */
	};
	rootObject = 754A86892C0A4384009543FF /* Project object */;
}
